
Microsoft Visual Studio Solution File, Format Version 12.00
# Visual Studio Version 17
VisualStudioVersion = 17.0.31903.59
MinimumVisualStudioVersion = 10.0.40219.1
Project("{FAE04EC0-301F-11D3-BF4B-00C04F79EFBC}") = "BITS.Signage.Domain", "BITS.Signage.Domain\BITS.Signage.Domain.csproj", "{946D2035-38A1-4CCA-BD44-41F979A68223}"
EndProject
Project("{FAE04EC0-301F-11D3-BF4B-00C04F79EFBC}") = "BITS.Signage.Application", "BITS.Signage.Application\BITS.Signage.Application.csproj", "{E91845DA-C223-4EEE-AED2-0D79A3E37E87}"
EndProject
Project("{FAE04EC0-301F-11D3-BF4B-00C04F79EFBC}") = "BITS.Signage.Contracts", "BITS.Signage.Contracts\BITS.Signage.Contracts.csproj", "{DE9CB24D-D206-421F-8937-E62CF947753D}"
EndProject
Project("{FAE04EC0-301F-11D3-BF4B-00C04F79EFBC}") = "BITS.Signage.Infrastructure", "BITS.Signage.Infrastructure\BITS.Signage.Infrastructure.csproj", "{B0F15E71-0376-4DE8-8A5A-A94F3C320647}"
EndProject
Project("{FAE04EC0-301F-11D3-BF4B-00C04F79EFBC}") = "BITS.Signage.Api", "BITS.Signage.Api\BITS.Signage.Api.csproj", "{61AC9239-0FC8-40C6-9416-165E6A8A30C8}"
EndProject
Project("{FAE04EC0-301F-11D3-BF4B-00C04F79EFBC}") = "BITS.Signage.Workers", "BITS.Signage.Workers\BITS.Signage.Workers.csproj", "{1ABA852B-070F-4536-8DE8-AE7B5072842D}"
EndProject
Project("{2150E333-8FDC-42A3-9474-1A3956D46DE8}") = "Tests", "Tests", "{0AB3BF05-4346-4AA6-1389-037BE0695223}"
EndProject
Project("{FAE04EC0-301F-11D3-BF4B-00C04F79EFBC}") = "BITS.Signage.Domain.Tests", "Tests\BITS.Signage.Domain.Tests\BITS.Signage.Domain.Tests.csproj", "{1AFBFF79-C090-4832-AE13-2AD8A2CDE5AD}"
EndProject
Project("{FAE04EC0-301F-11D3-BF4B-00C04F79EFBC}") = "BITS.Signage.Application.Tests", "Tests\BITS.Signage.Application.Tests\BITS.Signage.Application.Tests.csproj", "{F14EB02F-9DD2-4584-97B6-424EAB8B3545}"
EndProject
Project("{FAE04EC0-301F-11D3-BF4B-00C04F79EFBC}") = "BITS.Signage.Infrastructure.Tests", "Tests\BITS.Signage.Infrastructure.Tests\BITS.Signage.Infrastructure.Tests.csproj", "{5E1DB040-75A9-4826-9F3F-2AE88E97A272}"
EndProject
Project("{FAE04EC0-301F-11D3-BF4B-00C04F79EFBC}") = "BITS.Signage.Integration.Tests", "Tests\BITS.Signage.Integration.Tests\BITS.Signage.Integration.Tests.csproj", "{E87773A6-7EE6-4F71-B737-29AA8998014B}"
EndProject
Global
	GlobalSection(SolutionConfigurationPlatforms) = preSolution
		Debug|Any CPU = Debug|Any CPU
		Debug|x64 = Debug|x64
		Debug|x86 = Debug|x86
		Release|Any CPU = Release|Any CPU
		Release|x64 = Release|x64
		Release|x86 = Release|x86
	EndGlobalSection
	GlobalSection(ProjectConfigurationPlatforms) = postSolution
		{946D2035-38A1-4CCA-BD44-41F979A68223}.Debug|Any CPU.ActiveCfg = Debug|Any CPU
		{946D2035-38A1-4CCA-BD44-41F979A68223}.Debug|Any CPU.Build.0 = Debug|Any CPU
		{946D2035-38A1-4CCA-BD44-41F979A68223}.Debug|x64.ActiveCfg = Debug|Any CPU
		{946D2035-38A1-4CCA-BD44-41F979A68223}.Debug|x64.Build.0 = Debug|Any CPU
		{946D2035-38A1-4CCA-BD44-41F979A68223}.Debug|x86.ActiveCfg = Debug|Any CPU
		{946D2035-38A1-4CCA-BD44-41F979A68223}.Debug|x86.Build.0 = Debug|Any CPU
		{946D2035-38A1-4CCA-BD44-41F979A68223}.Release|Any CPU.ActiveCfg = Release|Any CPU
		{946D2035-38A1-4CCA-BD44-41F979A68223}.Release|Any CPU.Build.0 = Release|Any CPU
		{946D2035-38A1-4CCA-BD44-41F979A68223}.Release|x64.ActiveCfg = Release|Any CPU
		{946D2035-38A1-4CCA-BD44-41F979A68223}.Release|x64.Build.0 = Release|Any CPU
		{946D2035-38A1-4CCA-BD44-41F979A68223}.Release|x86.ActiveCfg = Release|Any CPU
		{946D2035-38A1-4CCA-BD44-41F979A68223}.Release|x86.Build.0 = Release|Any CPU
		{E91845DA-C223-4EEE-AED2-0D79A3E37E87}.Debug|Any CPU.ActiveCfg = Debug|Any CPU
		{E91845DA-C223-4EEE-AED2-0D79A3E37E87}.Debug|Any CPU.Build.0 = Debug|Any CPU
		{E91845DA-C223-4EEE-AED2-0D79A3E37E87}.Debug|x64.ActiveCfg = Debug|Any CPU
		{E91845DA-C223-4EEE-AED2-0D79A3E37E87}.Debug|x64.Build.0 = Debug|Any CPU
		{E91845DA-C223-4EEE-AED2-0D79A3E37E87}.Debug|x86.ActiveCfg = Debug|Any CPU
		{E91845DA-C223-4EEE-AED2-0D79A3E37E87}.Debug|x86.Build.0 = Debug|Any CPU
		{E91845DA-C223-4EEE-AED2-0D79A3E37E87}.Release|Any CPU.ActiveCfg = Release|Any CPU
		{E91845DA-C223-4EEE-AED2-0D79A3E37E87}.Release|Any CPU.Build.0 = Release|Any CPU
		{E91845DA-C223-4EEE-AED2-0D79A3E37E87}.Release|x64.ActiveCfg = Release|Any CPU
		{E91845DA-C223-4EEE-AED2-0D79A3E37E87}.Release|x64.Build.0 = Release|Any CPU
		{E91845DA-C223-4EEE-AED2-0D79A3E37E87}.Release|x86.ActiveCfg = Release|Any CPU
		{E91845DA-C223-4EEE-AED2-0D79A3E37E87}.Release|x86.Build.0 = Release|Any CPU
		{DE9CB24D-D206-421F-8937-E62CF947753D}.Debug|Any CPU.ActiveCfg = Debug|Any CPU
		{DE9CB24D-D206-421F-8937-E62CF947753D}.Debug|Any CPU.Build.0 = Debug|Any CPU
		{DE9CB24D-D206-421F-8937-E62CF947753D}.Debug|x64.ActiveCfg = Debug|Any CPU
		{DE9CB24D-D206-421F-8937-E62CF947753D}.Debug|x64.Build.0 = Debug|Any CPU
		{DE9CB24D-D206-421F-8937-E62CF947753D}.Debug|x86.ActiveCfg = Debug|Any CPU
		{DE9CB24D-D206-421F-8937-E62CF947753D}.Debug|x86.Build.0 = Debug|Any CPU
		{DE9CB24D-D206-421F-8937-E62CF947753D}.Release|Any CPU.ActiveCfg = Release|Any CPU
		{DE9CB24D-D206-421F-8937-E62CF947753D}.Release|Any CPU.Build.0 = Release|Any CPU
		{DE9CB24D-D206-421F-8937-E62CF947753D}.Release|x64.ActiveCfg = Release|Any CPU
		{DE9CB24D-D206-421F-8937-E62CF947753D}.Release|x64.Build.0 = Release|Any CPU
		{DE9CB24D-D206-421F-8937-E62CF947753D}.Release|x86.ActiveCfg = Release|Any CPU
		{DE9CB24D-D206-421F-8937-E62CF947753D}.Release|x86.Build.0 = Release|Any CPU
		{B0F15E71-0376-4DE8-8A5A-A94F3C320647}.Debug|Any CPU.ActiveCfg = Debug|Any CPU
		{B0F15E71-0376-4DE8-8A5A-A94F3C320647}.Debug|Any CPU.Build.0 = Debug|Any CPU
		{B0F15E71-0376-4DE8-8A5A-A94F3C320647}.Debug|x64.ActiveCfg = Debug|Any CPU
		{B0F15E71-0376-4DE8-8A5A-A94F3C320647}.Debug|x64.Build.0 = Debug|Any CPU
		{B0F15E71-0376-4DE8-8A5A-A94F3C320647}.Debug|x86.ActiveCfg = Debug|Any CPU
		{B0F15E71-0376-4DE8-8A5A-A94F3C320647}.Debug|x86.Build.0 = Debug|Any CPU
		{B0F15E71-0376-4DE8-8A5A-A94F3C320647}.Release|Any CPU.ActiveCfg = Release|Any CPU
		{B0F15E71-0376-4DE8-8A5A-A94F3C320647}.Release|Any CPU.Build.0 = Release|Any CPU
		{B0F15E71-0376-4DE8-8A5A-A94F3C320647}.Release|x64.ActiveCfg = Release|Any CPU
		{B0F15E71-0376-4DE8-8A5A-A94F3C320647}.Release|x64.Build.0 = Release|Any CPU
		{B0F15E71-0376-4DE8-8A5A-A94F3C320647}.Release|x86.ActiveCfg = Release|Any CPU
		{B0F15E71-0376-4DE8-8A5A-A94F3C320647}.Release|x86.Build.0 = Release|Any CPU
		{61AC9239-0FC8-40C6-9416-165E6A8A30C8}.Debug|Any CPU.ActiveCfg = Debug|Any CPU
		{61AC9239-0FC8-40C6-9416-165E6A8A30C8}.Debug|Any CPU.Build.0 = Debug|Any CPU
		{61AC9239-0FC8-40C6-9416-165E6A8A30C8}.Debug|x64.ActiveCfg = Debug|Any CPU
		{61AC9239-0FC8-40C6-9416-165E6A8A30C8}.Debug|x64.Build.0 = Debug|Any CPU
		{61AC9239-0FC8-40C6-9416-165E6A8A30C8}.Debug|x86.ActiveCfg = Debug|Any CPU
		{61AC9239-0FC8-40C6-9416-165E6A8A30C8}.Debug|x86.Build.0 = Debug|Any CPU
		{61AC9239-0FC8-40C6-9416-165E6A8A30C8}.Release|Any CPU.ActiveCfg = Release|Any CPU
		{61AC9239-0FC8-40C6-9416-165E6A8A30C8}.Release|Any CPU.Build.0 = Release|Any CPU
		{61AC9239-0FC8-40C6-9416-165E6A8A30C8}.Release|x64.ActiveCfg = Release|Any CPU
		{61AC9239-0FC8-40C6-9416-165E6A8A30C8}.Release|x64.Build.0 = Release|Any CPU
		{61AC9239-0FC8-40C6-9416-165E6A8A30C8}.Release|x86.ActiveCfg = Release|Any CPU
		{61AC9239-0FC8-40C6-9416-165E6A8A30C8}.Release|x86.Build.0 = Release|Any CPU
		{1ABA852B-070F-4536-8DE8-AE7B5072842D}.Debug|Any CPU.ActiveCfg = Debug|Any CPU
		{1ABA852B-070F-4536-8DE8-AE7B5072842D}.Debug|Any CPU.Build.0 = Debug|Any CPU
		{1ABA852B-070F-4536-8DE8-AE7B5072842D}.Debug|x64.ActiveCfg = Debug|Any CPU
		{1ABA852B-070F-4536-8DE8-AE7B5072842D}.Debug|x64.Build.0 = Debug|Any CPU
		{1ABA852B-070F-4536-8DE8-AE7B5072842D}.Debug|x86.ActiveCfg = Debug|Any CPU
		{1ABA852B-070F-4536-8DE8-AE7B5072842D}.Debug|x86.Build.0 = Debug|Any CPU
		{1ABA852B-070F-4536-8DE8-AE7B5072842D}.Release|Any CPU.ActiveCfg = Release|Any CPU
		{1ABA852B-070F-4536-8DE8-AE7B5072842D}.Release|Any CPU.Build.0 = Release|Any CPU
		{1ABA852B-070F-4536-8DE8-AE7B5072842D}.Release|x64.ActiveCfg = Release|Any CPU
		{1ABA852B-070F-4536-8DE8-AE7B5072842D}.Release|x64.Build.0 = Release|Any CPU
		{1ABA852B-070F-4536-8DE8-AE7B5072842D}.Release|x86.ActiveCfg = Release|Any CPU
		{1ABA852B-070F-4536-8DE8-AE7B5072842D}.Release|x86.Build.0 = Release|Any CPU
		{1AFBFF79-C090-4832-AE13-2AD8A2CDE5AD}.Debug|Any CPU.ActiveCfg = Debug|Any CPU
		{1AFBFF79-C090-4832-AE13-2AD8A2CDE5AD}.Debug|Any CPU.Build.0 = Debug|Any CPU
		{1AFBFF79-C090-4832-AE13-2AD8A2CDE5AD}.Debug|x64.ActiveCfg = Debug|Any CPU
		{1AFBFF79-C090-4832-AE13-2AD8A2CDE5AD}.Debug|x64.Build.0 = Debug|Any CPU
		{1AFBFF79-C090-4832-AE13-2AD8A2CDE5AD}.Debug|x86.ActiveCfg = Debug|Any CPU
		{1AFBFF79-C090-4832-AE13-2AD8A2CDE5AD}.Debug|x86.Build.0 = Debug|Any CPU
		{1AFBFF79-C090-4832-AE13-2AD8A2CDE5AD}.Release|Any CPU.ActiveCfg = Release|Any CPU
		{1AFBFF79-C090-4832-AE13-2AD8A2CDE5AD}.Release|Any CPU.Build.0 = Release|Any CPU
		{1AFBFF79-C090-4832-AE13-2AD8A2CDE5AD}.Release|x64.ActiveCfg = Release|Any CPU
		{1AFBFF79-C090-4832-AE13-2AD8A2CDE5AD}.Release|x64.Build.0 = Release|Any CPU
		{1AFBFF79-C090-4832-AE13-2AD8A2CDE5AD}.Release|x86.ActiveCfg = Release|Any CPU
		{1AFBFF79-C090-4832-AE13-2AD8A2CDE5AD}.Release|x86.Build.0 = Release|Any CPU
		{F14EB02F-9DD2-4584-97B6-424EAB8B3545}.Debug|Any CPU.ActiveCfg = Debug|Any CPU
		{F14EB02F-9DD2-4584-97B6-424EAB8B3545}.Debug|Any CPU.Build.0 = Debug|Any CPU
		{F14EB02F-9DD2-4584-97B6-424EAB8B3545}.Debug|x64.ActiveCfg = Debug|Any CPU
		{F14EB02F-9DD2-4584-97B6-424EAB8B3545}.Debug|x64.Build.0 = Debug|Any CPU
		{F14EB02F-9DD2-4584-97B6-424EAB8B3545}.Debug|x86.ActiveCfg = Debug|Any CPU
		{F14EB02F-9DD2-4584-97B6-424EAB8B3545}.Debug|x86.Build.0 = Debug|Any CPU
		{F14EB02F-9DD2-4584-97B6-424EAB8B3545}.Release|Any CPU.ActiveCfg = Release|Any CPU
		{F14EB02F-9DD2-4584-97B6-424EAB8B3545}.Release|Any CPU.Build.0 = Release|Any CPU
		{F14EB02F-9DD2-4584-97B6-424EAB8B3545}.Release|x64.ActiveCfg = Release|Any CPU
		{F14EB02F-9DD2-4584-97B6-424EAB8B3545}.Release|x64.Build.0 = Release|Any CPU
		{F14EB02F-9DD2-4584-97B6-424EAB8B3545}.Release|x86.ActiveCfg = Release|Any CPU
		{F14EB02F-9DD2-4584-97B6-424EAB8B3545}.Release|x86.Build.0 = Release|Any CPU
		{5E1DB040-75A9-4826-9F3F-2AE88E97A272}.Debug|Any CPU.ActiveCfg = Debug|Any CPU
		{5E1DB040-75A9-4826-9F3F-2AE88E97A272}.Debug|Any CPU.Build.0 = Debug|Any CPU
		{5E1DB040-75A9-4826-9F3F-2AE88E97A272}.Debug|x64.ActiveCfg = Debug|Any CPU
		{5E1DB040-75A9-4826-9F3F-2AE88E97A272}.Debug|x64.Build.0 = Debug|Any CPU
		{5E1DB040-75A9-4826-9F3F-2AE88E97A272}.Debug|x86.ActiveCfg = Debug|Any CPU
		{5E1DB040-75A9-4826-9F3F-2AE88E97A272}.Debug|x86.Build.0 = Debug|Any CPU
		{5E1DB040-75A9-4826-9F3F-2AE88E97A272}.Release|Any CPU.ActiveCfg = Release|Any CPU
		{5E1DB040-75A9-4826-9F3F-2AE88E97A272}.Release|Any CPU.Build.0 = Release|Any CPU
		{5E1DB040-75A9-4826-9F3F-2AE88E97A272}.Release|x64.ActiveCfg = Release|Any CPU
		{5E1DB040-75A9-4826-9F3F-2AE88E97A272}.Release|x64.Build.0 = Release|Any CPU
		{5E1DB040-75A9-4826-9F3F-2AE88E97A272}.Release|x86.ActiveCfg = Release|Any CPU
		{5E1DB040-75A9-4826-9F3F-2AE88E97A272}.Release|x86.Build.0 = Release|Any CPU
		{E87773A6-7EE6-4F71-B737-29AA8998014B}.Debug|Any CPU.ActiveCfg = Debug|Any CPU
		{E87773A6-7EE6-4F71-B737-29AA8998014B}.Debug|Any CPU.Build.0 = Debug|Any CPU
		{E87773A6-7EE6-4F71-B737-29AA8998014B}.Debug|x64.ActiveCfg = Debug|Any CPU
		{E87773A6-7EE6-4F71-B737-29AA8998014B}.Debug|x64.Build.0 = Debug|Any CPU
		{E87773A6-7EE6-4F71-B737-29AA8998014B}.Debug|x86.ActiveCfg = Debug|Any CPU
		{E87773A6-7EE6-4F71-B737-29AA8998014B}.Debug|x86.Build.0 = Debug|Any CPU
		{E87773A6-7EE6-4F71-B737-29AA8998014B}.Release|Any CPU.ActiveCfg = Release|Any CPU
		{E87773A6-7EE6-4F71-B737-29AA8998014B}.Release|Any CPU.Build.0 = Release|Any CPU
		{E87773A6-7EE6-4F71-B737-29AA8998014B}.Release|x64.ActiveCfg = Release|Any CPU
		{E87773A6-7EE6-4F71-B737-29AA8998014B}.Release|x64.Build.0 = Release|Any CPU
		{E87773A6-7EE6-4F71-B737-29AA8998014B}.Release|x86.ActiveCfg = Release|Any CPU
		{E87773A6-7EE6-4F71-B737-29AA8998014B}.Release|x86.Build.0 = Release|Any CPU
	EndGlobalSection
	GlobalSection(SolutionProperties) = preSolution
		HideSolutionNode = FALSE
	EndGlobalSection
	GlobalSection(NestedProjects) = preSolution
		{1AFBFF79-C090-4832-AE13-2AD8A2CDE5AD} = {0AB3BF05-4346-4AA6-1389-037BE0695223}
		{F14EB02F-9DD2-4584-97B6-424EAB8B3545} = {0AB3BF05-4346-4AA6-1389-037BE0695223}
		{5E1DB040-75A9-4826-9F3F-2AE88E97A272} = {0AB3BF05-4346-4AA6-1389-037BE0695223}
		{E87773A6-7EE6-4F71-B737-29AA8998014B} = {0AB3BF05-4346-4AA6-1389-037BE0695223}
	EndGlobalSection
EndGlobal
